PODS:
  - AFDownloadRequestOperation (2.0.1):
    - AFNetworking (~> 2.0)
  - AFNetworking (2.5.0):
    - AFNetworking/NSURLConnection (= 2.5.0)
    - AFNetworking/NSURLSession (= 2.5.0)
    - AFNetworking/Reachability (= 2.5.0)
    - AFNetworking/Security (= 2.5.0)
    - AFNetworking/Serialization (= 2.5.0)
    - AFNetworking/UIKit (= 2.5.0)
  - AFNetworking/NSURLConnection (2.5.0):
    - AFNetworking/Reachability
    - AFNetworking/Security
    - AFNetworking/Serialization
  - AFNetworking/NSURLSession (2.5.0):
    - AFNetworking/Reachability
    - AFNetworking/Security
    - AFNetworking/Serialization
  - AFNetworking/Reachability (2.5.0)
  - AFNetworking/Security (2.5.0)
  - AFNetworking/Serialization (2.5.0)
  - AFNetworking/UIKit (2.5.0):
    - AFNetworking/NSURLConnection
    - AFNetworking/NSURLSession
  - libextobjc (0.4.1):
    - libextobjc/EXTADT (= 0.4.1)
    - libextobjc/EXTConcreteProtocol (= 0.4.1)
    - libextobjc/EXTKeyPathCoding (= 0.4.1)
    - libextobjc/EXTNil (= 0.4.1)
    - libextobjc/EXTSafeCategory (= 0.4.1)
    - libextobjc/EXTScope (= 0.4.1)
    - libextobjc/EXTSelectorChecking (= 0.4.1)
    - libextobjc/EXTSynthesize (= 0.4.1)
    - libextobjc/NSInvocation+EXT (= 0.4.1)
    - libextobjc/NSMethodSignature+EXT (= 0.4.1)
    - libextobjc/RuntimeExtensions (= 0.4.1)
    - libextobjc/UmbrellaHeader (= 0.4.1)
  - libextobjc/EXTADT (0.4.1):
    - libextobjc/RuntimeExtensions
  - libextobjc/EXTConcreteProtocol (0.4.1):
    - libextobjc/RuntimeExtensions
  - libextobjc/EXTKeyPathCoding (0.4.1):
    - libextobjc/RuntimeExtensions
  - libextobjc/EXTNil (0.4.1):
    - libextobjc/RuntimeExtensions
  - libextobjc/EXTSafeCategory (0.4.1):
    - libextobjc/RuntimeExtensions
  - libextobjc/EXTScope (0.4.1):
    - libextobjc/RuntimeExtensions
  - libextobjc/EXTSelectorChecking (0.4.1):
    - libextobjc/RuntimeExtensions
  - libextobjc/EXTSynthesize (0.4.1):
    - libextobjc/RuntimeExtensions
  - libextobjc/NSInvocation+EXT (0.4.1):
    - libextobjc/RuntimeExtensions
  - libextobjc/NSMethodSignature+EXT (0.4.1):
    - libextobjc/RuntimeExtensions
  - libextobjc/RuntimeExtensions (0.4.1)
  - libextobjc/UmbrellaHeader (0.4.1)
  - Mantle (1.5.1):
    - Mantle/extobjc (= 1.5.1)
  - Mantle/extobjc (1.5.1)
  - Reachability (3.2)
  - SVProgressHUD (0.9)
  - ZZDownloader (0.0.1):
    - AFDownloadRequestOperation
    - libextobjc
    - Mantle
    - Reachability
    - SVProgressHUD (~> 0.8)
    - ZZDownloader/Manager (= 0.0.1)
    - ZZDownloader/Model (= 0.0.1)
    - ZZDownloader/Operation (= 0.0.1)
    - ZZDownloader/Parser (= 0.0.1)
    - ZZDownloader/Queue (= 0.0.1)
  - ZZDownloader/Manager (0.0.1):
    - AFDownloadRequestOperation
    - libextobjc
    - Mantle
    - Reachability
    - SVProgressHUD (~> 0.8)
  - ZZDownloader/Model (0.0.1):
    - AFDownloadRequestOperation
    - libextobjc
    - Mantle
    - Reachability
    - SVProgressHUD (~> 0.8)
  - ZZDownloader/Operation (0.0.1):
    - AFDownloadRequestOperation
    - libextobjc
    - Mantle
    - Reachability
    - SVProgressHUD (~> 0.8)
  - ZZDownloader/Parser (0.0.1):
    - AFDownloadRequestOperation
    - libextobjc
    - Mantle
    - Reachability
    - SVProgressHUD (~> 0.8)
  - ZZDownloader/Queue (0.0.1):
    - AFDownloadRequestOperation
    - libextobjc
    - Mantle
    - Reachability
    - SVProgressHUD (~> 0.8)

DEPENDENCIES:
  - ZZDownloader (from `../`)

EXTERNAL SOURCES:
  ZZDownloader:
    :path: ../

SPEC CHECKSUMS:
  AFDownloadRequestOperation: e223a65bc56fb8e6ae5d289b649c7bcc6b307f0d
  AFNetworking: 0f54cb5d16ce38c1b76948faffb8d5fb705021c7
  libextobjc: d6146fce3ebea986b7f75fcb4c967639200b88b0
  Mantle: d7c5ac734579ec751c58fecbf56189853056c58c
  Reachability: 1ef8adf5c4e3d362f96515d4278f68dad3c26930
  SVProgressHUD: adf9def97327df88dee15e9ad8033fde6961f7b4
  ZZDownloader: 8ef1540020b76497dd27baa1edf3cc0c433c12a9

COCOAPODS: 0.35.0
