PODS:
  - AFDownloadRequestOperation (2.0.1):
    - AFNetworking (~> 2.0)
  - AFNetworking (2.4.1):
    - AFNetworking/NSURLConnection
    - AFNetworking/NSURLSession
    - AFNetworking/Reachability
    - AFNetworking/Security
    - AFNetworking/Serialization
    - AFNetworking/UIKit
  - AFNetworking/NSURLConnection (2.4.1):
    - AFNetworking/Reachability
    - AFNetworking/Security
    - AFNetworking/Serialization
  - AFNetworking/NSURLSession (2.4.1):
    - AFNetworking/Reachability
    - AFNetworking/Security
    - AFNetworking/Serialization
  - AFNetworking/Reachability (2.4.1)
  - AFNetworking/Security (2.4.1)
  - AFNetworking/Serialization (2.4.1)
  - AFNetworking/UIKit (2.4.1):
    - AFNetworking/NSURLConnection
    - AFNetworking/NSURLSession
  - Mantle (1.5.1):
    - Mantle/extobjc
  - Mantle/extobjc (1.5.1)
  - ZZDownloader (0.0.1):
    - AFDownloadRequestOperation
    - Mantle

DEPENDENCIES:
  - ZZDownloader (from `~/Documents/Bili/ZZDownloader/ZZDownloader`)

EXTERNAL SOURCES:
  ZZDownloader:
    :local: ~/Documents/Bili/ZZDownloader/ZZDownloader

SPEC CHECKSUMS:
  AFDownloadRequestOperation: e223a65bc56fb8e6ae5d289b649c7bcc6b307f0d
  AFNetworking: 0aabc6fae66d6e5d039eeb21c315843c7aae51ab
  Mantle: d7c5ac734579ec751c58fecbf56189853056c58c
  ZZDownloader: 1497565b8bb7c66cf1ce03dbcbac140ee68867bf

COCOAPODS: 0.34.2
